
Microsoft Visual Studio Solution File, Format Version 12.00
# Visual Studio Version 17
VisualStudioVersion = 17.6.33417.168
MinimumVisualStudioVersion = 10.0.40219.1
Project("{9A19103F-16F7-4668-BE54-9A1E7A4F7556}") = "GameSnake", "GameSnake\GameSnake.csproj", "{4447456F-4EBF-4130-86B0-EEE08A35BD01}"
	ProjectSection(ProjectDependencies) = postProject
		{85AE90D3-21F1-4F87-9821-803387E8523D} = {85AE90D3-21F1-4F87-9821-803387E8523D}
	EndProjectSection
EndProject
Project("{9A19103F-16F7-4668-BE54-9A1E7A4F7556}") = "TestSnake", "TestSnake\TestSnake.csproj", "{1926B3A1-A041-4F93-949E-ED9EE0060448}"
EndProject
Project("{9A19103F-16F7-4668-BE54-9A1E7A4F7556}") = "Core", "Core\Core.csproj", "{85AE90D3-21F1-4F87-9821-803387E8523D}"
EndProject
Project("{9A19103F-16F7-4668-BE54-9A1E7A4F7556}") = "MonoGameSnake", "MonoGameSnake\MonoGameSnake.csproj", "{DFDEA1A3-BED2-49EC-8E55-DB2269BCED58}"
	ProjectSection(ProjectDependencies) = postProject
		{85AE90D3-21F1-4F87-9821-803387E8523D} = {85AE90D3-21F1-4F87-9821-803387E8523D}
	EndProjectSection
EndProject
Global
	GlobalSection(SolutionConfigurationPlatforms) = preSolution
		Debug|Any CPU = Debug|Any CPU
		Release|Any CPU = Release|Any CPU
	EndGlobalSection
	GlobalSection(ProjectConfigurationPlatforms) = postSolution
		{4447456F-4EBF-4130-86B0-EEE08A35BD01}.Debug|Any CPU.ActiveCfg = Debug|Any CPU
		{4447456F-4EBF-4130-86B0-EEE08A35BD01}.Debug|Any CPU.Build.0 = Debug|Any CPU
		{4447456F-4EBF-4130-86B0-EEE08A35BD01}.Release|Any CPU.ActiveCfg = Release|Any CPU
		{4447456F-4EBF-4130-86B0-EEE08A35BD01}.Release|Any CPU.Build.0 = Release|Any CPU
		{1926B3A1-A041-4F93-949E-ED9EE0060448}.Debug|Any CPU.ActiveCfg = Debug|Any CPU
		{1926B3A1-A041-4F93-949E-ED9EE0060448}.Debug|Any CPU.Build.0 = Debug|Any CPU
		{1926B3A1-A041-4F93-949E-ED9EE0060448}.Release|Any CPU.ActiveCfg = Release|Any CPU
		{1926B3A1-A041-4F93-949E-ED9EE0060448}.Release|Any CPU.Build.0 = Release|Any CPU
		{85AE90D3-21F1-4F87-9821-803387E8523D}.Debug|Any CPU.ActiveCfg = Debug|Any CPU
		{85AE90D3-21F1-4F87-9821-803387E8523D}.Debug|Any CPU.Build.0 = Debug|Any CPU
		{85AE90D3-21F1-4F87-9821-803387E8523D}.Release|Any CPU.ActiveCfg = Release|Any CPU
		{85AE90D3-21F1-4F87-9821-803387E8523D}.Release|Any CPU.Build.0 = Release|Any CPU
		{DFDEA1A3-BED2-49EC-8E55-DB2269BCED58}.Debug|Any CPU.ActiveCfg = Debug|Any CPU
		{DFDEA1A3-BED2-49EC-8E55-DB2269BCED58}.Debug|Any CPU.Build.0 = Debug|Any CPU
		{DFDEA1A3-BED2-49EC-8E55-DB2269BCED58}.Release|Any CPU.ActiveCfg = Release|Any CPU
		{DFDEA1A3-BED2-49EC-8E55-DB2269BCED58}.Release|Any CPU.Build.0 = Release|Any CPU
	EndGlobalSection
	GlobalSection(SolutionProperties) = preSolution
		HideSolutionNode = FALSE
	EndGlobalSection
	GlobalSection(ExtensibilityGlobals) = postSolution
		SolutionGuid = {C768F3B2-F146-446E-865B-0675ECD6E7E2}
	EndGlobalSection
EndGlobal
